
Microsoft Visual Studio Solution File, Format Version 12.00
# Visual Studio 15
VisualStudioVersion = 15.0.27130.0
MinimumVisualStudioVersion = 10.0.40219.1
Project("{FAE04EC0-301F-11D3-BF4B-00C04F79EFBC}") = "pictureBoxProject", "pictureBoxProject\pictureBoxProject.csproj", "{FAFB3B92-9EF6-4B8B-B6B3-52847FE11FBA}"
EndProject
Global
	GlobalSection(SolutionConfigurationPlatforms) = preSolution
		Debug|Any CPU = Debug|Any CPU
		Release|Any CPU = Release|Any CPU
	EndGlobalSection
	GlobalSection(ProjectConfigurationPlatforms) = postSolution
		{FAFB3B92-9EF6-4B8B-B6B3-52847FE11FBA}.Debug|Any CPU.ActiveCfg = Debug|Any CPU
		{FAFB3B92-9EF6-4B8B-B6B3-52847FE11FBA}.Debug|Any CPU.Build.0 = Debug|Any CPU
		{FAFB3B92-9EF6-4B8B-B6B3-52847FE11FBA}.Release|Any CPU.ActiveCfg = Release|Any CPU
		{FAFB3B92-9EF6-4B8B-B6B3-52847FE11FBA}.Release|Any CPU.Build.0 = Release|Any CPU
	EndGlobalSection
	GlobalSection(SolutionProperties) = preSolution
		HideSolutionNode = FALSE
	EndGlobalSection
	GlobalSection(ExtensibilityGlobals) = postSolution
		SolutionGuid = {08C29005-7FA4-4215-AE1D-B0BF4EBD21D4}
	EndGlobalSection
EndGlobal
